
Microsoft Visual Studio Solution File, Format Version 12.00
# Visual Studio Version 16
VisualStudioVersion = 16.0.31624.102
MinimumVisualStudioVersion = 10.0.40219.1
Project("{FAE04EC0-301F-11D3-BF4B-00C04F79EFBC}") = "learn", "learn\learn.csproj", "{B475E388-8235-4CEC-9314-2DEBB295FFC8}"
EndProject
Global
	GlobalSection(SolutionConfigurationPlatforms) = preSolution
		Debug|Any CPU = Debug|Any CPU
		Release|Any CPU = Release|Any CPU
	EndGlobalSection
	GlobalSection(ProjectConfigurationPlatforms) = postSolution
		{B475E388-8235-4CEC-9314-2DEBB295FFC8}.Debug|Any CPU.ActiveCfg = Debug|Any CPU
		{B475E388-8235-4CEC-9314-2DEBB295FFC8}.Debug|Any CPU.Build.0 = Debug|Any CPU
		{B475E388-8235-4CEC-9314-2DEBB295FFC8}.Release|Any CPU.ActiveCfg = Release|Any CPU
		{B475E388-8235-4CEC-9314-2DEBB295FFC8}.Release|Any CPU.Build.0 = Release|Any CPU
	EndGlobalSection
	GlobalSection(SolutionProperties) = preSolution
		HideSolutionNode = FALSE
	EndGlobalSection
	GlobalSection(ExtensibilityGlobals) = postSolution
		SolutionGuid = {073CF2FE-F600-4338-A927-2D02C3C97B2F}
	EndGlobalSection
EndGlobal
